
Microsoft Visual Studio Solution File, Format Version 11.00
# Visual Studio 2010
Project("{FAE04EC0-301F-11D3-BF4B-00C04F79EFBC}") = "WebCamSnapShot", "WebCamSnapShot\WebCamSnapShot.csproj", "{118AF108-7E8B-4EA1-B71E-0B30C5248A81}"
EndProject
Global
	GlobalSection(SolutionConfigurationPlatforms) = preSolution
		Debug|x86 = Debug|x86
		Release|x86 = Release|x86
	EndGlobalSection
	GlobalSection(ProjectConfigurationPlatforms) = postSolution
		{118AF108-7E8B-4EA1-B71E-0B30C5248A81}.Debug|x86.ActiveCfg = Debug|x86
		{118AF108-7E8B-4EA1-B71E-0B30C5248A81}.Debug|x86.Build.0 = Debug|x86
		{118AF108-7E8B-4EA1-B71E-0B30C5248A81}.Release|x86.ActiveCfg = Release|x86
		{118AF108-7E8B-4EA1-B71E-0B30C5248A81}.Release|x86.Build.0 = Release|x86
	EndGlobalSection
	GlobalSection(SolutionProperties) = preSolution
		HideSolutionNode = FALSE
	EndGlobalSection
EndGlobal
